
Microsoft Visual Studio Solution File, Format Version 12.00
# Visual Studio Version 17
VisualStudioVersion = 17.0.31903.59
MinimumVisualStudioVersion = 10.0.40219.1
Project("{2150E333-8FDC-42A3-9474-1A3956D46DE8}") = "dashboard", "dashboard", "{2360F3E6-04C8-649D-5938-B5231601C01C}"
EndProject
Project("{FAE04EC0-301F-11D3-BF4B-00C04F79EFBC}") = "GmDashboard", "dashboard\GmDashboard.csproj", "{797E9149-81B2-410C-92C2-CA1BC9118EA5}"
EndProject
Project("{2150E333-8FDC-42A3-9474-1A3956D46DE8}") = "asistan", "asistan", "{EA54B301-E25B-AAE1-4D1F-E7E6C0B11603}"
EndProject
Project("{FAE04EC0-301F-11D3-BF4B-00C04F79EFBC}") = "BkmAsistan", "asistan\BkmAsistan.csproj", "{ED4DEF0D-4178-4428-AB8F-A7FF964064A2}"
EndProject
Project("{2150E333-8FDC-42A3-9474-1A3956D46DE8}") = "tools", "tools", "{07C2787E-EAC7-C090-1BA3-A61EC2A24D84}"
EndProject
Project("{FAE04EC0-301F-11D3-BF4B-00C04F79EFBC}") = "diskscan", "tools\diskscan\diskscan.csproj", "{A187F689-9535-4C7B-8F93-D0EDF65BC36F}"
EndProject
Project("{2150E333-8FDC-42A3-9474-1A3956D46DE8}") = "lib", "lib", "{3A8DF596-E814-FECC-DD4B-D8EF8AAC1A0D}"
EndProject
Project("{FAE04EC0-301F-11D3-BF4B-00C04F79EFBC}") = "Bkm.Shared", "lib\Bkm.Shared\Bkm.Shared.csproj", "{9CE9213E-1F98-4D01-ADA5-30667E0C99EF}"
EndProject
Project("{2150E333-8FDC-42A3-9474-1A3956D46DE8}") = "vardiya-app", "vardiya-app", "{D81583D7-7486-D3D2-29D8-3FE6406BF96C}"
EndProject
Project("{FAE04EC0-301F-11D3-BF4B-00C04F79EFBC}") = "BkmVardiya", "vardiya-app\BkmVardiya.csproj", "{170CA0D8-E458-4795-9B18-580ED6F3B081}"
EndProject
Project("{2150E333-8FDC-42A3-9474-1A3956D46DE8}") = "tests", "tests", "{0AB3BF05-4346-4AA6-1389-037BE0695223}"
EndProject
Project("{FAE04EC0-301F-11D3-BF4B-00C04F79EFBC}") = "BkmVardiya.Tests", "tests\BkmVardiya.Tests\BkmVardiya.Tests.csproj", "{8E344342-692A-4AEE-8B20-B8B4F4E2ABEA}"
EndProject
Global
	GlobalSection(SolutionConfigurationPlatforms) = preSolution
		Debug|Any CPU = Debug|Any CPU
		Debug|x64 = Debug|x64
		Debug|x86 = Debug|x86
		Release|Any CPU = Release|Any CPU
		Release|x64 = Release|x64
		Release|x86 = Release|x86
	EndGlobalSection
	GlobalSection(ProjectConfigurationPlatforms) = postSolution
		{797E9149-81B2-410C-92C2-CA1BC9118EA5}.Debug|Any CPU.ActiveCfg = Debug|Any CPU
		{797E9149-81B2-410C-92C2-CA1BC9118EA5}.Debug|Any CPU.Build.0 = Debug|Any CPU
		{797E9149-81B2-410C-92C2-CA1BC9118EA5}.Debug|x64.ActiveCfg = Debug|Any CPU
		{797E9149-81B2-410C-92C2-CA1BC9118EA5}.Debug|x64.Build.0 = Debug|Any CPU
		{797E9149-81B2-410C-92C2-CA1BC9118EA5}.Debug|x86.ActiveCfg = Debug|Any CPU
		{797E9149-81B2-410C-92C2-CA1BC9118EA5}.Debug|x86.Build.0 = Debug|Any CPU
		{797E9149-81B2-410C-92C2-CA1BC9118EA5}.Release|Any CPU.ActiveCfg = Release|Any CPU
		{797E9149-81B2-410C-92C2-CA1BC9118EA5}.Release|Any CPU.Build.0 = Release|Any CPU
		{797E9149-81B2-410C-92C2-CA1BC9118EA5}.Release|x64.ActiveCfg = Release|Any CPU
		{797E9149-81B2-410C-92C2-CA1BC9118EA5}.Release|x64.Build.0 = Release|Any CPU
		{797E9149-81B2-410C-92C2-CA1BC9118EA5}.Release|x86.ActiveCfg = Release|Any CPU
		{797E9149-81B2-410C-92C2-CA1BC9118EA5}.Release|x86.Build.0 = Release|Any CPU
		{ED4DEF0D-4178-4428-AB8F-A7FF964064A2}.Debug|Any CPU.ActiveCfg = Debug|Any CPU
		{ED4DEF0D-4178-4428-AB8F-A7FF964064A2}.Debug|Any CPU.Build.0 = Debug|Any CPU
		{ED4DEF0D-4178-4428-AB8F-A7FF964064A2}.Debug|x64.ActiveCfg = Debug|Any CPU
		{ED4DEF0D-4178-4428-AB8F-A7FF964064A2}.Debug|x64.Build.0 = Debug|Any CPU
		{ED4DEF0D-4178-4428-AB8F-A7FF964064A2}.Debug|x86.ActiveCfg = Debug|Any CPU
		{ED4DEF0D-4178-4428-AB8F-A7FF964064A2}.Debug|x86.Build.0 = Debug|Any CPU
		{ED4DEF0D-4178-4428-AB8F-A7FF964064A2}.Release|Any CPU.ActiveCfg = Release|Any CPU
		{ED4DEF0D-4178-4428-AB8F-A7FF964064A2}.Release|Any CPU.Build.0 = Release|Any CPU
		{ED4DEF0D-4178-4428-AB8F-A7FF964064A2}.Release|x64.ActiveCfg = Release|Any CPU
		{ED4DEF0D-4178-4428-AB8F-A7FF964064A2}.Release|x64.Build.0 = Release|Any CPU
		{ED4DEF0D-4178-4428-AB8F-A7FF964064A2}.Release|x86.ActiveCfg = Release|Any CPU
		{ED4DEF0D-4178-4428-AB8F-A7FF964064A2}.Release|x86.Build.0 = Release|Any CPU
		{A187F689-9535-4C7B-8F93-D0EDF65BC36F}.Debug|Any CPU.ActiveCfg = Debug|Any CPU
		{A187F689-9535-4C7B-8F93-D0EDF65BC36F}.Debug|Any CPU.Build.0 = Debug|Any CPU
		{A187F689-9535-4C7B-8F93-D0EDF65BC36F}.Debug|x64.ActiveCfg = Debug|Any CPU
		{A187F689-9535-4C7B-8F93-D0EDF65BC36F}.Debug|x64.Build.0 = Debug|Any CPU
		{A187F689-9535-4C7B-8F93-D0EDF65BC36F}.Debug|x86.ActiveCfg = Debug|Any CPU
		{A187F689-9535-4C7B-8F93-D0EDF65BC36F}.Debug|x86.Build.0 = Debug|Any CPU
		{A187F689-9535-4C7B-8F93-D0EDF65BC36F}.Release|Any CPU.ActiveCfg = Release|Any CPU
		{A187F689-9535-4C7B-8F93-D0EDF65BC36F}.Release|Any CPU.Build.0 = Release|Any CPU
		{A187F689-9535-4C7B-8F93-D0EDF65BC36F}.Release|x64.ActiveCfg = Release|Any CPU
		{A187F689-9535-4C7B-8F93-D0EDF65BC36F}.Release|x64.Build.0 = Release|Any CPU
		{A187F689-9535-4C7B-8F93-D0EDF65BC36F}.Release|x86.ActiveCfg = Release|Any CPU
		{A187F689-9535-4C7B-8F93-D0EDF65BC36F}.Release|x86.Build.0 = Release|Any CPU
		{9CE9213E-1F98-4D01-ADA5-30667E0C99EF}.Debug|Any CPU.ActiveCfg = Debug|Any CPU
		{9CE9213E-1F98-4D01-ADA5-30667E0C99EF}.Debug|Any CPU.Build.0 = Debug|Any CPU
		{9CE9213E-1F98-4D01-ADA5-30667E0C99EF}.Debug|x64.ActiveCfg = Debug|Any CPU
		{9CE9213E-1F98-4D01-ADA5-30667E0C99EF}.Debug|x64.Build.0 = Debug|Any CPU
		{9CE9213E-1F98-4D01-ADA5-30667E0C99EF}.Debug|x86.ActiveCfg = Debug|Any CPU
		{9CE9213E-1F98-4D01-ADA5-30667E0C99EF}.Debug|x86.Build.0 = Debug|Any CPU
		{9CE9213E-1F98-4D01-ADA5-30667E0C99EF}.Release|Any CPU.ActiveCfg = Release|Any CPU
		{9CE9213E-1F98-4D01-ADA5-30667E0C99EF}.Release|Any CPU.Build.0 = Release|Any CPU
		{9CE9213E-1F98-4D01-ADA5-30667E0C99EF}.Release|x64.ActiveCfg = Release|Any CPU
		{9CE9213E-1F98-4D01-ADA5-30667E0C99EF}.Release|x64.Build.0 = Release|Any CPU
		{9CE9213E-1F98-4D01-ADA5-30667E0C99EF}.Release|x86.ActiveCfg = Release|Any CPU
		{9CE9213E-1F98-4D01-ADA5-30667E0C99EF}.Release|x86.Build.0 = Release|Any CPU
		{170CA0D8-E458-4795-9B18-580ED6F3B081}.Debug|Any CPU.ActiveCfg = Debug|Any CPU
		{170CA0D8-E458-4795-9B18-580ED6F3B081}.Debug|Any CPU.Build.0 = Debug|Any CPU
		{170CA0D8-E458-4795-9B18-580ED6F3B081}.Debug|x64.ActiveCfg = Debug|Any CPU
		{170CA0D8-E458-4795-9B18-580ED6F3B081}.Debug|x64.Build.0 = Debug|Any CPU
		{170CA0D8-E458-4795-9B18-580ED6F3B081}.Debug|x86.ActiveCfg = Debug|Any CPU
		{170CA0D8-E458-4795-9B18-580ED6F3B081}.Debug|x86.Build.0 = Debug|Any CPU
		{170CA0D8-E458-4795-9B18-580ED6F3B081}.Release|Any CPU.ActiveCfg = Release|Any CPU
		{170CA0D8-E458-4795-9B18-580ED6F3B081}.Release|Any CPU.Build.0 = Release|Any CPU
		{170CA0D8-E458-4795-9B18-580ED6F3B081}.Release|x64.ActiveCfg = Release|Any CPU
		{170CA0D8-E458-4795-9B18-580ED6F3B081}.Release|x64.Build.0 = Release|Any CPU
		{170CA0D8-E458-4795-9B18-580ED6F3B081}.Release|x86.ActiveCfg = Release|Any CPU
		{170CA0D8-E458-4795-9B18-580ED6F3B081}.Release|x86.Build.0 = Release|Any CPU
		{8E344342-692A-4AEE-8B20-B8B4F4E2ABEA}.Debug|Any CPU.ActiveCfg = Debug|Any CPU
		{8E344342-692A-4AEE-8B20-B8B4F4E2ABEA}.Debug|Any CPU.Build.0 = Debug|Any CPU
		{8E344342-692A-4AEE-8B20-B8B4F4E2ABEA}.Debug|x64.ActiveCfg = Debug|Any CPU
		{8E344342-692A-4AEE-8B20-B8B4F4E2ABEA}.Debug|x64.Build.0 = Debug|Any CPU
		{8E344342-692A-4AEE-8B20-B8B4F4E2ABEA}.Debug|x86.ActiveCfg = Debug|Any CPU
		{8E344342-692A-4AEE-8B20-B8B4F4E2ABEA}.Debug|x86.Build.0 = Debug|Any CPU
		{8E344342-692A-4AEE-8B20-B8B4F4E2ABEA}.Release|Any CPU.ActiveCfg = Release|Any CPU
		{8E344342-692A-4AEE-8B20-B8B4F4E2ABEA}.Release|Any CPU.Build.0 = Release|Any CPU
		{8E344342-692A-4AEE-8B20-B8B4F4E2ABEA}.Release|x64.ActiveCfg = Release|Any CPU
		{8E344342-692A-4AEE-8B20-B8B4F4E2ABEA}.Release|x64.Build.0 = Release|Any CPU
		{8E344342-692A-4AEE-8B20-B8B4F4E2ABEA}.Release|x86.ActiveCfg = Release|Any CPU
		{8E344342-692A-4AEE-8B20-B8B4F4E2ABEA}.Release|x86.Build.0 = Release|Any CPU
	EndGlobalSection
	GlobalSection(SolutionProperties) = preSolution
		HideSolutionNode = FALSE
	EndGlobalSection
	GlobalSection(NestedProjects) = preSolution
		{797E9149-81B2-410C-92C2-CA1BC9118EA5} = {2360F3E6-04C8-649D-5938-B5231601C01C}
		{ED4DEF0D-4178-4428-AB8F-A7FF964064A2} = {EA54B301-E25B-AAE1-4D1F-E7E6C0B11603}
		{A187F689-9535-4C7B-8F93-D0EDF65BC36F} = {07C2787E-EAC7-C090-1BA3-A61EC2A24D84}
		{9CE9213E-1F98-4D01-ADA5-30667E0C99EF} = {3A8DF596-E814-FECC-DD4B-D8EF8AAC1A0D}
		{170CA0D8-E458-4795-9B18-580ED6F3B081} = {D81583D7-7486-D3D2-29D8-3FE6406BF96C}
		{8E344342-692A-4AEE-8B20-B8B4F4E2ABEA} = {0AB3BF05-4346-4AA6-1389-037BE0695223}
	EndGlobalSection
EndGlobal
